// !$*UTF8*$!
{
	archiveVersion = 1;
	classes = {
	};
	objectVersion = 46;
	objects = {

/* Begin PBXBuildFile section */
		112AB4DE001C948B2297472D /* Pods.framework in Frameworks */ = {isa = PBXBuildFile; fileRef = 30A4AC6AD5F9B64E7A849671 /* Pods.framework */; };
		2F06CDBE1CE13CE40019D4A6 /* Course.swift in Sources */ = {isa = PBXBuildFile; fileRef = 2F5D7C301CC1CB3700D84B01 /* Course.swift */; };
		2F06CDBF1CE13CE50019D4A6 /* Course.swift in Sources */ = {isa = PBXBuildFile; fileRef = 2F5D7C301CC1CB3700D84B01 /* Course.swift */; };
		2F06CDC01CE13CEC0019D4A6 /* School.swift in Sources */ = {isa = PBXBuildFile; fileRef = 2F5D7C311CC1CB3700D84B01 /* School.swift */; };
		2F06CDC11CE13CEE0019D4A6 /* School.swift in Sources */ = {isa = PBXBuildFile; fileRef = 2F5D7C311CC1CB3700D84B01 /* School.swift */; };
		2F06CDC21CE13CF70019D4A6 /* Student.swift in Sources */ = {isa = PBXBuildFile; fileRef = 2F5D7C321CC1CB3700D84B01 /* Student.swift */; };
		2F06CDC31CE13CF70019D4A6 /* Student.swift in Sources */ = {isa = PBXBuildFile; fileRef = 2F5D7C321CC1CB3700D84B01 /* Student.swift */; };
		2F06CDC41CE13CFB0019D4A6 /* ViewController.swift in Sources */ = {isa = PBXBuildFile; fileRef = 2F5D7C041CC1CA9300D84B01 /* ViewController.swift */; };
		2F06CDC51CE13CFB0019D4A6 /* ViewController.swift in Sources */ = {isa = PBXBuildFile; fileRef = 2F5D7C041CC1CA9300D84B01 /* ViewController.swift */; };
		2F12961C1CCDA5F000FD960F /* Address.swift in Sources */ = {isa = PBXBuildFile; fileRef = 2F12961B1CCDA5F000FD960F /* Address.swift */; };
		2F12961D1CCDA5F000FD960F /* Address.swift in Sources */ = {isa = PBXBuildFile; fileRef = 2F12961B1CCDA5F000FD960F /* Address.swift */; };
		2F12961E1CCDA5F000FD960F /* Address.swift in Sources */ = {isa = PBXBuildFile; fileRef = 2F12961B1CCDA5F000FD960F /* Address.swift */; };
		2F4469B21CC8467D003E1D3E /* Applicant.swift in Sources */ = {isa = PBXBuildFile; fileRef = 2F4469B11CC8467D003E1D3E /* Applicant.swift */; };
		2F4469B31CC8467D003E1D3E /* Applicant.swift in Sources */ = {isa = PBXBuildFile; fileRef = 2F4469B11CC8467D003E1D3E /* Applicant.swift */; };
		2F4469B41CC8467D003E1D3E /* Applicant.swift in Sources */ = {isa = PBXBuildFile; fileRef = 2F4469B11CC8467D003E1D3E /* Applicant.swift */; };
		2F5D7C031CC1CA9300D84B01 /* AppDelegate.swift in Sources */ = {isa = PBXBuildFile; fileRef = 2F5D7C021CC1CA9300D84B01 /* AppDelegate.swift */; };
		2F5D7C051CC1CA9300D84B01 /* ViewController.swift in Sources */ = {isa = PBXBuildFile; fileRef = 2F5D7C041CC1CA9300D84B01 /* ViewController.swift */; };
		2F5D7C081CC1CA9300D84B01 /* Main.storyboard in Resources */ = {isa = PBXBuildFile; fileRef = 2F5D7C061CC1CA9300D84B01 /* Main.storyboard */; };
		2F5D7C0A1CC1CA9300D84B01 /* Assets.xcassets in Resources */ = {isa = PBXBuildFile; fileRef = 2F5D7C091CC1CA9300D84B01 /* Assets.xcassets */; };
		2F5D7C0D1CC1CA9300D84B01 /* LaunchScreen.storyboard in Resources */ = {isa = PBXBuildFile; fileRef = 2F5D7C0B1CC1CA9300D84B01 /* LaunchScreen.storyboard */; };
		2F5D7C181CC1CA9300D84B01 /* EnrollerTests.swift in Sources */ = {isa = PBXBuildFile; fileRef = 2F5D7C171CC1CA9300D84B01 /* EnrollerTests.swift */; };
		2F5D7C231CC1CA9300D84B01 /* EnrollerUITests.swift in Sources */ = {isa = PBXBuildFile; fileRef = 2F5D7C221CC1CA9300D84B01 /* EnrollerUITests.swift */; };
		2F5D7C331CC1CB3700D84B01 /* Course.swift in Sources */ = {isa = PBXBuildFile; fileRef = 2F5D7C301CC1CB3700D84B01 /* Course.swift */; };
		2F5D7C341CC1CB3700D84B01 /* School.swift in Sources */ = {isa = PBXBuildFile; fileRef = 2F5D7C311CC1CB3700D84B01 /* School.swift */; };
		2F5D7C351CC1CB3700D84B01 /* Student.swift in Sources */ = {isa = PBXBuildFile; fileRef = 2F5D7C321CC1CB3700D84B01 /* Student.swift */; };
		2F5D7C381CC2AF5000D84B01 /* courses.json in Resources */ = {isa = PBXBuildFile; fileRef = 2F5D7C371CC2AF5000D84B01 /* courses.json */; };
		2F5D7C391CC2AF5000D84B01 /* courses.json in Resources */ = {isa = PBXBuildFile; fileRef = 2F5D7C371CC2AF5000D84B01 /* courses.json */; };
		2F5D7C3A1CC2AF5000D84B01 /* courses.json in Resources */ = {isa = PBXBuildFile; fileRef = 2F5D7C371CC2AF5000D84B01 /* courses.json */; };
		2F5EFCC11CC4582000EAB041 /* students.json in Resources */ = {isa = PBXBuildFile; fileRef = 2F5EFCC01CC4582000EAB041 /* students.json */; };
		2F5EFCC21CC4582000EAB041 /* students.json in Resources */ = {isa = PBXBuildFile; fileRef = 2F5EFCC01CC4582000EAB041 /* students.json */; };
		2F5EFCC31CC4582000EAB041 /* students.json in Resources */ = {isa = PBXBuildFile; fileRef = 2F5EFCC01CC4582000EAB041 /* students.json */; };
		2F5EFCC51CC459DE00EAB041 /* Enroller.swift in Sources */ = {isa = PBXBuildFile; fileRef = 2F5EFCC41CC459DE00EAB041 /* Enroller.swift */; };
		2F5EFCC61CC459DE00EAB041 /* Enroller.swift in Sources */ = {isa = PBXBuildFile; fileRef = 2F5EFCC41CC459DE00EAB041 /* Enroller.swift */; };
		2F5EFCC71CC459DE00EAB041 /* Enroller.swift in Sources */ = {isa = PBXBuildFile; fileRef = 2F5EFCC41CC459DE00EAB041 /* Enroller.swift */; };
		2F7717271CE1676A00DA1309 /* SchoolTestCase.swift in Sources */ = {isa = PBXBuildFile; fileRef = 2F7717261CE1676A00DA1309 /* SchoolTestCase.swift */; };
		2FB26F9D1CC3FC9D00D889BA /* Podfile in Resources */ = {isa = PBXBuildFile; fileRef = 2FB26F9C1CC3FC9D00D889BA /* Podfile */; };
		2FB26F9E1CC3FC9D00D889BA /* Podfile in Resources */ = {isa = PBXBuildFile; fileRef = 2FB26F9C1CC3FC9D00D889BA /* Podfile */; };
		2FB26F9F1CC3FC9D00D889BA /* Podfile in Resources */ = {isa = PBXBuildFile; fileRef = 2FB26F9C1CC3FC9D00D889BA /* Podfile */; };
		2FB26FAD1CC40EDD00D889BA /* CustomDDLogFormatter.swift in Sources */ = {isa = PBXBuildFile; fileRef = 2FB26FAC1CC40EDD00D889BA /* CustomDDLogFormatter.swift */; };
		2FB26FAE1CC40EDD00D889BA /* CustomDDLogFormatter.swift in Sources */ = {isa = PBXBuildFile; fileRef = 2FB26FAC1CC40EDD00D889BA /* CustomDDLogFormatter.swift */; };
		2FB26FAF1CC40EDD00D889BA /* CustomDDLogFormatter.swift in Sources */ = {isa = PBXBuildFile; fileRef = 2FB26FAC1CC40EDD00D889BA /* CustomDDLogFormatter.swift */; };
/* End PBXBuildFile section */

/* Begin PBXContainerItemProxy section */
		2F5D7C141CC1CA9300D84B01 /* PBXContainerItemProxy */ = {
			isa = PBXContainerItemProxy;
			containerPortal = 2F5D7BF71CC1CA9300D84B01 /* Project object */;
			proxyType = 1;
			remoteGlobalIDString = 2F5D7BFE1CC1CA9300D84B01;
			remoteInfo = Enroller;
		};
		2F5D7C1F1CC1CA9300D84B01 /* PBXContainerItemProxy */ = {
			isa = PBXContainerItemProxy;
			containerPortal = 2F5D7BF71CC1CA9300D84B01 /* Project object */;
			proxyType = 1;
			remoteGlobalIDString = 2F5D7BFE1CC1CA9300D84B01;
			remoteInfo = Enroller;
		};
/* End PBXContainerItemProxy section */

/* Begin PBXFileReference section */
		24590FEFC770D31F8ED91E11 /* Pods.release.xcconfig */ = {isa = PBXFileReference; includeInIndex = 1; lastKnownFileType = text.xcconfig; name = Pods.release.xcconfig; path = "Pods/Target Support Files/Pods/Pods.release.xcconfig"; sourceTree = "<group>"; };
		2F12961B1CCDA5F000FD960F /* Address.swift */ = {isa = PBXFileReference; fileEncoding = 4; lastKnownFileType = sourcecode.swift; path = Address.swift; sourceTree = "<group>"; };
		2F4469B11CC8467D003E1D3E /* Applicant.swift */ = {isa = PBXFileReference; fileEncoding = 4; lastKnownFileType = sourcecode.swift; path = Applicant.swift; sourceTree = "<group>"; };
		2F5D7BFF1CC1CA9300D84B01 /* Enroller.app */ = {isa = PBXFileReference; explicitFileType = wrapper.application; includeInIndex = 0; path = Enroller.app; sourceTree = BUILT_PRODUCTS_DIR; };
		2F5D7C021CC1CA9300D84B01 /* AppDelegate.swift */ = {isa = PBXFileReference; lastKnownFileType = sourcecode.swift; path = AppDelegate.swift; sourceTree = "<group>"; };
		2F5D7C041CC1CA9300D84B01 /* ViewController.swift */ = {isa = PBXFileReference; lastKnownFileType = sourcecode.swift; path = ViewController.swift; sourceTree = "<group>"; };
		2F5D7C071CC1CA9300D84B01 /* Base */ = {isa = PBXFileReference; lastKnownFileType = file.storyboard; name = Base; path = Base.lproj/Main.storyboard; sourceTree = "<group>"; };
		2F5D7C091CC1CA9300D84B01 /* Assets.xcassets */ = {isa = PBXFileReference; lastKnownFileType = folder.assetcatalog; path = Assets.xcassets; sourceTree = "<group>"; };
		2F5D7C0C1CC1CA9300D84B01 /* Base */ = {isa = PBXFileReference; lastKnownFileType = file.storyboard; name = Base; path = Base.lproj/LaunchScreen.storyboard; sourceTree = "<group>"; };
		2F5D7C0E1CC1CA9300D84B01 /* Info.plist */ = {isa = PBXFileReference; lastKnownFileType = text.plist.xml; path = Info.plist; sourceTree = "<group>"; };
		2F5D7C131CC1CA9300D84B01 /* EnrollerTests.xctest */ = {isa = PBXFileReference; explicitFileType = wrapper.cfbundle; includeInIndex = 0; path = EnrollerTests.xctest; sourceTree = BUILT_PRODUCTS_DIR; };
		2F5D7C171CC1CA9300D84B01 /* EnrollerTests.swift */ = {isa = PBXFileReference; lastKnownFileType = sourcecode.swift; path = EnrollerTests.swift; sourceTree = "<group>"; };
		2F5D7C191CC1CA9300D84B01 /* Info.plist */ = {isa = PBXFileReference; lastKnownFileType = text.plist.xml; path = Info.plist; sourceTree = "<group>"; };
		2F5D7C1E1CC1CA9300D84B01 /* EnrollerUITests.xctest */ = {isa = PBXFileReference; explicitFileType = wrapper.cfbundle; includeInIndex = 0; path = EnrollerUITests.xctest; sourceTree = BUILT_PRODUCTS_DIR; };
		2F5D7C221CC1CA9300D84B01 /* EnrollerUITests.swift */ = {isa = PBXFileReference; lastKnownFileType = sourcecode.swift; path = EnrollerUITests.swift; sourceTree = "<group>"; };
		2F5D7C241CC1CA9300D84B01 /* Info.plist */ = {isa = PBXFileReference; lastKnownFileType = text.plist.xml; path = Info.plist; sourceTree = "<group>"; };
		2F5D7C301CC1CB3700D84B01 /* Course.swift */ = {isa = PBXFileReference; fileEncoding = 4; lastKnownFileType = sourcecode.swift; path = Course.swift; sourceTree = "<group>"; };
		2F5D7C311CC1CB3700D84B01 /* School.swift */ = {isa = PBXFileReference; fileEncoding = 4; lastKnownFileType = sourcecode.swift; path = School.swift; sourceTree = "<group>"; };
		2F5D7C321CC1CB3700D84B01 /* Student.swift */ = {isa = PBXFileReference; fileEncoding = 4; lastKnownFileType = sourcecode.swift; path = Student.swift; sourceTree = "<group>"; };
		2F5D7C371CC2AF5000D84B01 /* courses.json */ = {isa = PBXFileReference; fileEncoding = 4; lastKnownFileType = text.json; path = courses.json; sourceTree = "<group>"; };
		2F5EFCC01CC4582000EAB041 /* students.json */ = {isa = PBXFileReference; fileEncoding = 4; lastKnownFileType = text.json; path = students.json; sourceTree = "<group>"; };
		2F5EFCC41CC459DE00EAB041 /* Enroller.swift */ = {isa = PBXFileReference; fileEncoding = 4; lastKnownFileType = sourcecode.swift; path = Enroller.swift; sourceTree = "<group>"; };
		2F7717261CE1676A00DA1309 /* SchoolTestCase.swift */ = {isa = PBXFileReference; fileEncoding = 4; lastKnownFileType = sourcecode.swift; path = SchoolTestCase.swift; sourceTree = "<group>"; };
		2FB26F9C1CC3FC9D00D889BA /* Podfile */ = {isa = PBXFileReference; fileEncoding = 4; lastKnownFileType = text; path = Podfile; sourceTree = "<group>"; xcLanguageSpecificationIdentifier = xcode.lang.ruby; };
		2FB26FAC1CC40EDD00D889BA /* CustomDDLogFormatter.swift */ = {isa = PBXFileReference; fileEncoding = 4; lastKnownFileType = sourcecode.swift; path = CustomDDLogFormatter.swift; sourceTree = "<group>"; };
		30A4AC6AD5F9B64E7A849671 /* Pods.framework */ = {isa = PBXFileReference; explicitFileType = wrapper.framework; includeInIndex = 0; path = Pods.framework; sourceTree = BUILT_PRODUCTS_DIR; };
		9CB25CCC2A0C1F27143DD49C /* Pods.debug.xcconfig */ = {isa = PBXFileReference; includeInIndex = 1; lastKnownFileType = text.xcconfig; name = Pods.debug.xcconfig; path = "Pods/Target Support Files/Pods/Pods.debug.xcconfig"; sourceTree = "<group>"; };
/* End PBXFileReference section */

/* Begin PBXFrameworksBuildPhase section */
		2F5D7BFC1CC1CA9300D84B01 /* Frameworks */ = {
			isa = PBXFrameworksBuildPhase;
			buildActionMask = 2147483647;
			files = (
				112AB4DE001C948B2297472D /* Pods.framework in Frameworks */,
			);
			runOnlyForDeploymentPostprocessing = 0;
		};
		2F5D7C101CC1CA9300D84B01 /* Frameworks */ = {
			isa = PBXFrameworksBuildPhase;
			buildActionMask = 2147483647;
			files = (
			);
			runOnlyForDeploymentPostprocessing = 0;
		};
		2F5D7C1B1CC1CA9300D84B01 /* Frameworks */ = {
			isa = PBXFrameworksBuildPhase;
			buildActionMask = 2147483647;
			files = (
			);
			runOnlyForDeploymentPostprocessing = 0;
		};
/* End PBXFrameworksBuildPhase section */

/* Begin PBXGroup section */
		0D06DAA56D1E62A844C57E84 /* Frameworks */ = {
			isa = PBXGroup;
			children = (
				30A4AC6AD5F9B64E7A849671 /* Pods.framework */,
			);
			name = Frameworks;
			sourceTree = "<group>";
		};
		2F5D7BF61CC1CA9300D84B01 = {
			isa = PBXGroup;
			children = (
				2F5D7C011CC1CA9300D84B01 /* Enroller */,
				2F5D7C361CC2AF0B00D84B01 /* Resources */,
				2F5D7C161CC1CA9300D84B01 /* EnrollerTests */,
				2F5D7C211CC1CA9300D84B01 /* EnrollerUITests */,
				2F5D7C001CC1CA9300D84B01 /* Products */,
				2FB26F9C1CC3FC9D00D889BA /* Podfile */,
				A31684CCF505C4F1D328A81C /* Pods */,
				0D06DAA56D1E62A844C57E84 /* Frameworks */,
			);
			sourceTree = "<group>";
		};
		2F5D7C001CC1CA9300D84B01 /* Products */ = {
			isa = PBXGroup;
			children = (
				2F5D7BFF1CC1CA9300D84B01 /* Enroller.app */,
				2F5D7C131CC1CA9300D84B01 /* EnrollerTests.xctest */,
				2F5D7C1E1CC1CA9300D84B01 /* EnrollerUITests.xctest */,
			);
			name = Products;
			sourceTree = "<group>";
		};
		2F5D7C011CC1CA9300D84B01 /* Enroller */ = {
			isa = PBXGroup;
			children = (
				2F5D7C021CC1CA9300D84B01 /* AppDelegate.swift */,
				2F4469B11CC8467D003E1D3E /* Applicant.swift */,
				2F5D7C091CC1CA9300D84B01 /* Assets.xcassets */,
				2F5D7C301CC1CB3700D84B01 /* Course.swift */,
				2FB26FAC1CC40EDD00D889BA /* CustomDDLogFormatter.swift */,
				2F5EFCC41CC459DE00EAB041 /* Enroller.swift */,
				2F5D7C0E1CC1CA9300D84B01 /* Info.plist */,
				2F5D7C0B1CC1CA9300D84B01 /* LaunchScreen.storyboard */,
				2F5D7C061CC1CA9300D84B01 /* Main.storyboard */,
				2F5D7C311CC1CB3700D84B01 /* School.swift */,
				2F5D7C321CC1CB3700D84B01 /* Student.swift */,
				2F5D7C041CC1CA9300D84B01 /* ViewController.swift */,
				2F12961B1CCDA5F000FD960F /* Address.swift */,
			);
			path = Enroller;
			sourceTree = "<group>";
		};
		2F5D7C161CC1CA9300D84B01 /* EnrollerTests */ = {
			isa = PBXGroup;
			children = (
				2F7717261CE1676A00DA1309 /* SchoolTestCase.swift */,
				2F5D7C171CC1CA9300D84B01 /* EnrollerTests.swift */,
				2F5D7C191CC1CA9300D84B01 /* Info.plist */,
			);
			path = EnrollerTests;
			sourceTree = "<group>";
		};
		2F5D7C211CC1CA9300D84B01 /* EnrollerUITests */ = {
			isa = PBXGroup;
			children = (
				2F5D7C221CC1CA9300D84B01 /* EnrollerUITests.swift */,
				2F5D7C241CC1CA9300D84B01 /* Info.plist */,
			);
			path = EnrollerUITests;
			sourceTree = "<group>";
		};
		2F5D7C361CC2AF0B00D84B01 /* Resources */ = {
			isa = PBXGroup;
			children = (
				2F5EFCC01CC4582000EAB041 /* students.json */,
				2F5D7C371CC2AF5000D84B01 /* courses.json */,
			);
			name = Resources;
			sourceTree = "<group>";
		};
		A31684CCF505C4F1D328A81C /* Pods */ = {
			isa = PBXGroup;
			children = (
				9CB25CCC2A0C1F27143DD49C /* Pods.debug.xcconfig */,
				24590FEFC770D31F8ED91E11 /* Pods.release.xcconfig */,
			);
			name = Pods;
			sourceTree = "<group>";
		};
/* End PBXGroup section */

/* Begin PBXNativeTarget section */
		2F5D7BFE1CC1CA9300D84B01 /* Enroller */ = {
			isa = PBXNativeTarget;
			buildConfigurationList = 2F5D7C271CC1CA9300D84B01 /* Build configuration list for PBXNativeTarget "Enroller" */;
			buildPhases = (
				63C04DC12F7B8D678A563F22 /* Check Pods Manifest.lock */,
				2F5D7BFB1CC1CA9300D84B01 /* Sources */,
				2F5D7BFC1CC1CA9300D84B01 /* Frameworks */,
				2F5D7BFD1CC1CA9300D84B01 /* Resources */,
				DF7D13207665024EF6157C28 /* Embed Pods Frameworks */,
				4B1EBFDBAB2C71D17FC154B5 /* Copy Pods Resources */,
			);
			buildRules = (
			);
			dependencies = (
			);
			name = Enroller;
			productName = Enroller;
			productReference = 2F5D7BFF1CC1CA9300D84B01 /* Enroller.app */;
			productType = "com.apple.product-type.application";
		};
		2F5D7C121CC1CA9300D84B01 /* EnrollerTests */ = {
			isa = PBXNativeTarget;
			buildConfigurationList = 2F5D7C2A1CC1CA9300D84B01 /* Build configuration list for PBXNativeTarget "EnrollerTests" */;
			buildPhases = (
				2F5D7C0F1CC1CA9300D84B01 /* Sources */,
				2F5D7C101CC1CA9300D84B01 /* Frameworks */,
				2F5D7C111CC1CA9300D84B01 /* Resources */,
			);
			buildRules = (
			);
			dependencies = (
				2F5D7C151CC1CA9300D84B01 /* PBXTargetDependency */,
			);
			name = EnrollerTests;
			productName = EnrollerTests;
			productReference = 2F5D7C131CC1CA9300D84B01 /* EnrollerTests.xctest */;
			productType = "com.apple.product-type.bundle.unit-test";
		};
		2F5D7C1D1CC1CA9300D84B01 /* EnrollerUITests */ = {
			isa = PBXNativeTarget;
			buildConfigurationList = 2F5D7C2D1CC1CA9300D84B01 /* Build configuration list for PBXNativeTarget "EnrollerUITests" */;
			buildPhases = (
				2F5D7C1A1CC1CA9300D84B01 /* Sources */,
				2F5D7C1B1CC1CA9300D84B01 /* Frameworks */,
				2F5D7C1C1CC1CA9300D84B01 /* Resources */,
			);
			buildRules = (
			);
			dependencies = (
				2F5D7C201CC1CA9300D84B01 /* PBXTargetDependency */,
			);
			name = EnrollerUITests;
			productName = EnrollerUITests;
			productReference = 2F5D7C1E1CC1CA9300D84B01 /* EnrollerUITests.xctest */;
			productType = "com.apple.product-type.bundle.ui-testing";
		};
/* End PBXNativeTarget section */

/* Begin PBXProject section */
		2F5D7BF71CC1CA9300D84B01 /* Project object */ = {
			isa = PBXProject;
			attributes = {
				LastSwiftUpdateCheck = 0730;
				LastUpgradeCheck = 0730;
				ORGANIZATIONNAME = "Rodax Software";
				TargetAttributes = {
					2F5D7BFE1CC1CA9300D84B01 = {
						CreatedOnToolsVersion = 7.3;
					};
					2F5D7C121CC1CA9300D84B01 = {
						CreatedOnToolsVersion = 7.3;
						TestTargetID = 2F5D7BFE1CC1CA9300D84B01;
					};
					2F5D7C1D1CC1CA9300D84B01 = {
						CreatedOnToolsVersion = 7.3;
						TestTargetID = 2F5D7BFE1CC1CA9300D84B01;
					};
				};
			};
			buildConfigurationList = 2F5D7BFA1CC1CA9300D84B01 /* Build configuration list for PBXProject "Enroller" */;
			compatibilityVersion = "Xcode 3.2";
			developmentRegion = English;
			hasScannedForEncodings = 0;
			knownRegions = (
				en,
				Base,
			);
			mainGroup = 2F5D7BF61CC1CA9300D84B01;
			productRefGroup = 2F5D7C001CC1CA9300D84B01 /* Products */;
			projectDirPath = "";
			projectRoot = "";
			targets = (
				2F5D7BFE1CC1CA9300D84B01 /* Enroller */,
				2F5D7C121CC1CA9300D84B01 /* EnrollerTests */,
				2F5D7C1D1CC1CA9300D84B01 /* EnrollerUITests */,
			);
		};
/* End PBXProject section */

/* Begin PBXResourcesBuildPhase section */
		2F5D7BFD1CC1CA9300D84B01 /* Resources */ = {
			isa = PBXResourcesBuildPhase;
			buildActionMask = 2147483647;
			files = (
				2FB26F9D1CC3FC9D00D889BA /* Podfile in Resources */,
				2F5D7C0D1CC1CA9300D84B01 /* LaunchScreen.storyboard in Resources */,
				2F5D7C381CC2AF5000D84B01 /* courses.json in Resources */,
				2F5D7C0A1CC1CA9300D84B01 /* Assets.xcassets in Resources */,
				2F5D7C081CC1CA9300D84B01 /* Main.storyboard in Resources */,
				2F5EFCC11CC4582000EAB041 /* students.json in Resources */,
			);
			runOnlyForDeploymentPostprocessing = 0;
		};
		2F5D7C111CC1CA9300D84B01 /* Resources */ = {
			isa = PBXResourcesBuildPhase;
			buildActionMask = 2147483647;
			files = (
				2FB26F9E1CC3FC9D00D889BA /* Podfile in Resources */,
				2F5D7C391CC2AF5000D84B01 /* courses.json in Resources */,
				2F5EFCC21CC4582000EAB041 /* students.json in Resources */,
			);
			runOnlyForDeploymentPostprocessing = 0;
		};
		2F5D7C1C1CC1CA9300D84B01 /* Resources */ = {
			isa = PBXResourcesBuildPhase;
			buildActionMask = 2147483647;
			files = (
				2FB26F9F1CC3FC9D00D889BA /* Podfile in Resources */,
				2F5D7C3A1CC2AF5000D84B01 /* courses.json in Resources */,
				2F5EFCC31CC4582000EAB041 /* students.json in Resources */,
			);
			runOnlyForDeploymentPostprocessing = 0;
		};
/* End PBXResourcesBuildPhase section */

/* Begin PBXShellScriptBuildPhase section */
		4B1EBFDBAB2C71D17FC154B5 /* Copy Pods Resources */ = {
			isa = PBXShellScriptBuildPhase;
			buildActionMask = 2147483647;
			files = (
			);
			inputPaths = (
			);
			name = "Copy Pods Resources";
			outputPaths = (
			);
			runOnlyForDeploymentPostprocessing = 0;
			shellPath = /bin/sh;
			shellScript = "\"${SRCROOT}/Pods/Target Support Files/Pods/Pods-resources.sh\"\n";
			showEnvVarsInLog = 0;
		};
		63C04DC12F7B8D678A563F22 /* Check Pods Manifest.lock */ = {
			isa = PBXShellScriptBuildPhase;
			buildActionMask = 2147483647;
			files = (
			);
			inputPaths = (
			);
			name = "Check Pods Manifest.lock";
			outputPaths = (
			);
			runOnlyForDeploymentPostprocessing = 0;
			shellPath = /bin/sh;
			shellScript = "diff \"${PODS_ROOT}/../Podfile.lock\" \"${PODS_ROOT}/Manifest.lock\" > /dev/null\nif [[ $? != 0 ]] ; then\n    cat << EOM\nerror: The sandbox is not in sync with the Podfile.lock. Run 'pod install' or update your CocoaPods installation.\nEOM\n    exit 1\nfi\n";
			showEnvVarsInLog = 0;
		};
		DF7D13207665024EF6157C28 /* Embed Pods Frameworks */ = {
			isa = PBXShellScriptBuildPhase;
			buildActionMask = 2147483647;
			files = (
			);
			inputPaths = (
			);
			name = "Embed Pods Frameworks";
			outputPaths = (
			);
			runOnlyForDeploymentPostprocessing = 0;
			shellPath = /bin/sh;
			shellScript = "\"${SRCROOT}/Pods/Target Support Files/Pods/Pods-frameworks.sh\"\n";
			showEnvVarsInLog = 0;
		};
/* End PBXShellScriptBuildPhase section */

/* Begin PBXSourcesBuildPhase section */
		2F5D7BFB1CC1CA9300D84B01 /* Sources */ = {
			isa = PBXSourcesBuildPhase;
			buildActionMask = 2147483647;
			files = (
				2F12961C1CCDA5F000FD960F /* Address.swift in Sources */,
				2FB26FAD1CC40EDD00D889BA /* CustomDDLogFormatter.swift in Sources */,
				2F5D7C331CC1CB3700D84B01 /* Course.swift in Sources */,
				2F5EFCC51CC459DE00EAB041 /* Enroller.swift in Sources */,
				2F5D7C051CC1CA9300D84B01 /* ViewController.swift in Sources */,
				2F5D7C031CC1CA9300D84B01 /* AppDelegate.swift in Sources */,
				2F5D7C351CC1CB3700D84B01 /* Student.swift in Sources */,
				2F4469B21CC8467D003E1D3E /* Applicant.swift in Sources */,
				2F5D7C341CC1CB3700D84B01 /* School.swift in Sources */,
			);
			runOnlyForDeploymentPostprocessing = 0;
		};
		2F5D7C0F1CC1CA9300D84B01 /* Sources */ = {
			isa = PBXSourcesBuildPhase;
			buildActionMask = 2147483647;
			files = (
				2F06CDC41CE13CFB0019D4A6 /* ViewController.swift in Sources */,
				2FB26FAE1CC40EDD00D889BA /* CustomDDLogFormatter.swift in Sources */,
				2F06CDBE1CE13CE40019D4A6 /* Course.swift in Sources */,
				2F5D7C181CC1CA9300D84B01 /* EnrollerTests.swift in Sources */,
				2F4469B31CC8467D003E1D3E /* Applicant.swift in Sources */,
				2F06CDC21CE13CF70019D4A6 /* Student.swift in Sources */,
				2F5EFCC61CC459DE00EAB041 /* Enroller.swift in Sources */,
				2F12961D1CCDA5F000FD960F /* Address.swift in Sources */,
				2F06CDC01CE13CEC0019D4A6 /* School.swift in Sources */,
				2F7717271CE1676A00DA1309 /* SchoolTestCase.swift in Sources */,
			);
			runOnlyForDeploymentPostprocessing = 0;
		};
		2F5D7C1A1CC1CA9300D84B01 /* Sources */ = {
			isa = PBXSourcesBuildPhase;
			buildActionMask = 2147483647;
			files = (
				2F06CDC11CE13CEE0019D4A6 /* School.swift in Sources */,
				2F06CDBF1CE13CE50019D4A6 /* Course.swift in Sources */,
				2FB26FAF1CC40EDD00D889BA /* CustomDDLogFormatter.swift in Sources */,
				2F06CDC51CE13CFB0019D4A6 /* ViewController.swift in Sources */,
				2F5D7C231CC1CA9300D84B01 /* EnrollerUITests.swift in Sources */,
				2F4469B41CC8467D003E1D3E /* Applicant.swift in Sources */,
				2F5EFCC71CC459DE00EAB041 /* Enroller.swift in Sources */,
				2F12961E1CCDA5F000FD960F /* Address.swift in Sources */,
				2F06CDC31CE13CF70019D4A6 /* Student.swift in Sources */,
			);
			runOnlyForDeploymentPostprocessing = 0;
		};
/* End PBXSourcesBuildPhase section */

/* Begin PBXTargetDependency section */
		2F5D7C151CC1CA9300D84B01 /* PBXTargetDependency */ = {
			isa = PBXTargetDependency;
			target = 2F5D7BFE1CC1CA9300D84B01 /* Enroller */;
			targetProxy = 2F5D7C141CC1CA9300D84B01 /* PBXContainerItemProxy */;
		};
		2F5D7C201CC1CA9300D84B01 /* PBXTargetDependency */ = {
			isa = PBXTargetDependency;
			target = 2F5D7BFE1CC1CA9300D84B01 /* Enroller */;
			targetProxy = 2F5D7C1F1CC1CA9300D84B01 /* PBXContainerItemProxy */;
		};
/* End PBXTargetDependency section */

/* Begin PBXVariantGroup section */
		2F5D7C061CC1CA9300D84B01 /* Main.storyboard */ = {
			isa = PBXVariantGroup;
			children = (
				2F5D7C071CC1CA9300D84B01 /* Base */,
			);
			name = Main.storyboard;
			sourceTree = "<group>";
		};
		2F5D7C0B1CC1CA9300D84B01 /* LaunchScreen.storyboard */ = {
			isa = PBXVariantGroup;
			children = (
				2F5D7C0C1CC1CA9300D84B01 /* Base */,
			);
			name = LaunchScreen.storyboard;
			sourceTree = "<group>";
		};
/* End PBXVariantGroup section */

/* Begin XCBuildConfiguration section */
		2F5D7C251CC1CA9300D84B01 /* Debug */ = {
			isa = XCBuildConfiguration;
			buildSettings = {
				ALWAYS_SEARCH_USER_PATHS = NO;
				CLANG_ANALYZER_NONNULL = YES;
				CLANG_CXX_LANGUAGE_STANDARD = "gnu++0x";
				CLANG_CXX_LIBRARY = "libc++";
				CLANG_ENABLE_MODULES = YES;
				CLANG_ENABLE_OBJC_ARC = YES;
				CLANG_WARN_BOOL_CONVERSION = YES;
				CLANG_WARN_CONSTANT_CONVERSION = YES;
				CLANG_WARN_DIRECT_OBJC_ISA_USAGE = YES_ERROR;
				CLANG_WARN_EMPTY_BODY = YES;
				CLANG_WARN_ENUM_CONVERSION = YES;
				CLANG_WARN_INT_CONVERSION = YES;
				CLANG_WARN_OBJC_ROOT_CLASS = YES_ERROR;
				CLANG_WARN_UNREACHABLE_CODE = YES;
				CLANG_WARN__DUPLICATE_METHOD_MATCH = YES;
				"CODE_SIGN_IDENTITY[sdk=iphoneos*]" = "iPhone Developer";
				COPY_PHASE_STRIP = NO;
				DEBUG_INFORMATION_FORMAT = dwarf;
				ENABLE_STRICT_OBJC_MSGSEND = YES;
				ENABLE_TESTABILITY = YES;
				GCC_C_LANGUAGE_STANDARD = gnu99;
				GCC_DYNAMIC_NO_PIC = NO;
				GCC_NO_COMMON_BLOCKS = YES;
				GCC_OPTIMIZATION_LEVEL = 0;
				GCC_PREPROCESSOR_DEFINITIONS = (
					"DEBUG=1",
					"$(inherited)",
				);
				GCC_WARN_64_TO_32_BIT_CONVERSION = YES;
				GCC_WARN_ABOUT_RETURN_TYPE = YES_ERROR;
				GCC_WARN_UNDECLARED_SELECTOR = YES;
				GCC_WARN_UNINITIALIZED_AUTOS = YES_AGGRESSIVE;
				GCC_WARN_UNUSED_FUNCTION = YES;
				GCC_WARN_UNUSED_VARIABLE = YES;
				IPHONEOS_DEPLOYMENT_TARGET = 9.3;
				MTL_ENABLE_DEBUG_INFO = YES;
				ONLY_ACTIVE_ARCH = YES;
				SDKROOT = iphoneos;
				SWIFT_OPTIMIZATION_LEVEL = "-Onone";
			};
			name = Debug;
		};
		2F5D7C261CC1CA9300D84B01 /* Release */ = {
			isa = XCBuildConfiguration;
			buildSettings = {
				ALWAYS_SEARCH_USER_PATHS = NO;
				CLANG_ANALYZER_NONNULL = YES;
				CLANG_CXX_LANGUAGE_STANDARD = "gnu++0x";
				CLANG_CXX_LIBRARY = "libc++";
				CLANG_ENABLE_MODULES = YES;
				CLANG_ENABLE_OBJC_ARC = YES;
				CLANG_WARN_BOOL_CONVERSION = YES;
				CLANG_WARN_CONSTANT_CONVERSION = YES;
				CLANG_WARN_DIRECT_OBJC_ISA_USAGE = YES_ERROR;
				CLANG_WARN_EMPTY_BODY = YES;
				CLANG_WARN_ENUM_CONVERSION = YES;
				CLANG_WARN_INT_CONVERSION = YES;
				CLANG_WARN_OBJC_ROOT_CLASS = YES_ERROR;
				CLANG_WARN_UNREACHABLE_CODE = YES;
				CLANG_WARN__DUPLICATE_METHOD_MATCH = YES;
				"CODE_SIGN_IDENTITY[sdk=iphoneos*]" = "iPhone Developer";
				COPY_PHASE_STRIP = NO;
				DEBUG_INFORMATION_FORMAT = "dwarf-with-dsym";
				ENABLE_NS_ASSERTIONS = NO;
				ENABLE_STRICT_OBJC_MSGSEND = YES;
				GCC_C_LANGUAGE_STANDARD = gnu99;
				GCC_NO_COMMON_BLOCKS = YES;
				GCC_WARN_64_TO_32_BIT_CONVERSION = YES;
				GCC_WARN_ABOUT_RETURN_TYPE = YES_ERROR;
				GCC_WARN_UNDECLARED_SELECTOR = YES;
				GCC_WARN_UNINITIALIZED_AUTOS = YES_AGGRESSIVE;
				GCC_WARN_UNUSED_FUNCTION = YES;
				GCC_WARN_UNUSED_VARIABLE = YES;
				IPHONEOS_DEPLOYMENT_TARGET = 9.3;
				MTL_ENABLE_DEBUG_INFO = NO;
				SDKROOT = iphoneos;
				VALIDATE_PRODUCT = YES;
			};
			name = Release;
		};
		2F5D7C281CC1CA9300D84B01 /* Debug */ = {
			isa = XCBuildConfiguration;
			baseConfigurationReference = 9CB25CCC2A0C1F27143DD49C /* Pods.debug.xcconfig */;
			buildSettings = {
				ASSETCATALOG_COMPILER_APPICON_NAME = AppIcon;
				CLANG_ENABLE_MODULES = YES;
				INFOPLIST_FILE = Enroller/Info.plist;
				LD_RUNPATH_SEARCH_PATHS = "$(inherited) @executable_path/Frameworks";
				PRODUCT_BUNDLE_IDENTIFIER = com.rodaxsoft.demo.Enroller;
				PRODUCT_NAME = "$(TARGET_NAME)";
				SWIFT_OBJC_BRIDGING_HEADER = "";
				SWIFT_OPTIMIZATION_LEVEL = "-Onone";
			};
			name = Debug;
		};
		2F5D7C291CC1CA9300D84B01 /* Release */ = {
			isa = XCBuildConfiguration;
			baseConfigurationReference = 24590FEFC770D31F8ED91E11 /* Pods.release.xcconfig */;
			buildSettings = {
				ASSETCATALOG_COMPILER_APPICON_NAME = AppIcon;
				CLANG_ENABLE_MODULES = YES;
				INFOPLIST_FILE = Enroller/Info.plist;
				LD_RUNPATH_SEARCH_PATHS = "$(inherited) @executable_path/Frameworks";
				PRODUCT_BUNDLE_IDENTIFIER = com.rodaxsoft.demo.Enroller;
				PRODUCT_NAME = "$(TARGET_NAME)";
				SWIFT_OBJC_BRIDGING_HEADER = "";
			};
			name = Release;
		};
		2F5D7C2B1CC1CA9300D84B01 /* Debug */ = {
			isa = XCBuildConfiguration;
			buildSettings = {
				BUNDLE_LOADER = "$(TEST_HOST)";
				CLANG_ENABLE_MODULES = YES;
				INFOPLIST_FILE = EnrollerTests/Info.plist;
				LD_RUNPATH_SEARCH_PATHS = "$(inherited) @executable_path/Frameworks @loader_path/Frameworks";
				PRODUCT_BUNDLE_IDENTIFIER = com.rodaxsoft.demo.EnrollerTests;
				PRODUCT_NAME = "$(TARGET_NAME)";
				SWIFT_OBJC_BRIDGING_HEADER = "";
				SWIFT_OPTIMIZATION_LEVEL = "-Onone";
				TEST_HOST = "$(BUILT_PRODUCTS_DIR)/Enroller.app/Enroller";
			};
			name = Debug;
		};
		2F5D7C2C1CC1CA9300D84B01 /* Release */ = {
			isa = XCBuildConfiguration;
			buildSettings = {
				BUNDLE_LOADER = "$(TEST_HOST)";
				CLANG_ENABLE_MODULES = YES;
				INFOPLIST_FILE = EnrollerTests/Info.plist;
				LD_RUNPATH_SEARCH_PATHS = "$(inherited) @executable_path/Frameworks @loader_path/Frameworks";
				PRODUCT_BUNDLE_IDENTIFIER = com.rodaxsoft.demo.EnrollerTests;
				PRODUCT_NAME = "$(TARGET_NAME)";
				SWIFT_OBJC_BRIDGING_HEADER = "";
				TEST_HOST = "$(BUILT_PRODUCTS_DIR)/Enroller.app/Enroller";
			};
			name = Release;
		};
		2F5D7C2E1CC1CA9300D84B01 /* Debug */ = {
			isa = XCBuildConfiguration;
			buildSettings = {
				CLANG_ENABLE_MODULES = YES;
				INFOPLIST_FILE = EnrollerUITests/Info.plist;
				LD_RUNPATH_SEARCH_PATHS = "$(inherited) @executable_path/Frameworks @loader_path/Frameworks";
				PRODUCT_BUNDLE_IDENTIFIER = com.rodaxsoft.demo.EnrollerUITests;
				PRODUCT_NAME = "$(TARGET_NAME)";
				SWIFT_OBJC_BRIDGING_HEADER = "Enroller/EnrollerUITests-Bridging-Header.h";
				SWIFT_OPTIMIZATION_LEVEL = "-Onone";
				TEST_TARGET_NAME = Enroller;
			};
			name = Debug;
		};
		2F5D7C2F1CC1CA9300D84B01 /* Release */ = {
			isa = XCBuildConfiguration;
			buildSettings = {
				CLANG_ENABLE_MODULES = YES;
				INFOPLIST_FILE = EnrollerUITests/Info.plist;
				LD_RUNPATH_SEARCH_PATHS = "$(inherited) @executable_path/Frameworks @loader_path/Frameworks";
				PRODUCT_BUNDLE_IDENTIFIER = com.rodaxsoft.demo.EnrollerUITests;
				PRODUCT_NAME = "$(TARGET_NAME)";
				SWIFT_OBJC_BRIDGING_HEADER = "Enroller/EnrollerUITests-Bridging-Header.h";
				TEST_TARGET_NAME = Enroller;
			};
			name = Release;
		};
/* End XCBuildConfiguration section */

/* Begin XCConfigurationList section */
		2F5D7BFA1CC1CA9300D84B01 /* Build configuration list for PBXProject "Enroller" */ = {
			isa = XCConfigurationList;
			buildConfigurations = (
				2F5D7C251CC1CA9300D84B01 /* Debug */,
				2F5D7C261CC1CA9300D84B01 /* Release */,
			);
			defaultConfigurationIsVisible = 0;
			defaultConfigurationName = Release;
		};
		2F5D7C271CC1CA9300D84B01 /* Build configuration list for PBXNativeTarget "Enroller" */ = {
			isa = XCConfigurationList;
			buildConfigurations = (
				2F5D7C281CC1CA9300D84B01 /* Debug */,
				2F5D7C291CC1CA9300D84B01 /* Release */,
			);
			defaultConfigurationIsVisible = 0;
			defaultConfigurationName = Release;
		};
		2F5D7C2A1CC1CA9300D84B01 /* Build configuration list for PBXNativeTarget "EnrollerTests" */ = {
			isa = XCConfigurationList;
			buildConfigurations = (
				2F5D7C2B1CC1CA9300D84B01 /* Debug */,
				2F5D7C2C1CC1CA9300D84B01 /* Release */,
			);
			defaultConfigurationIsVisible = 0;
			defaultConfigurationName = Release;
		};
		2F5D7C2D1CC1CA9300D84B01 /* Build configuration list for PBXNativeTarget "EnrollerUITests" */ = {
			isa = XCConfigurationList;
			buildConfigurations = (
				2F5D7C2E1CC1CA9300D84B01 /* Debug */,
				2F5D7C2F1CC1CA9300D84B01 /* Release */,
			);
			defaultConfigurationIsVisible = 0;
			defaultConfigurationName = Release;
		};
/* End XCConfigurationList section */
	};
	rootObject = 2F5D7BF71CC1CA9300D84B01 /* Project object */;
}
